
Microsoft Visual Studio Solution File, Format Version 12.00
# Visual Studio Version 16
VisualStudioVersion = 16.0.30011.22
MinimumVisualStudioVersion = 10.0.40219.1
Project("{FAE04EC0-301F-11D3-BF4B-00C04F79EFBC}") = "MongoDb.Test", "MongoDb.Test\MongoDb.Test.csproj", "{30F3BF7A-F349-42AE-BFF1-197ECE473E7F}"
EndProject
Project("{FAE04EC0-301F-11D3-BF4B-00C04F79EFBC}") = "MongoDb.Core", "MongoDb.Core\MongoDb.Core.csproj", "{4AFAA33B-7875-40A3-9EF3-E07D24065FCC}"
EndProject
Project("{FAE04EC0-301F-11D3-BF4B-00C04F79EFBC}") = "MongoDb.Api", "MongoDb.Api\MongoDb.Api.csproj", "{B9647B4E-A854-4DE8-8A87-17703F3BA3DC}"
EndProject
Global
	GlobalSection(SolutionConfigurationPlatforms) = preSolution
		Debug|Any CPU = Debug|Any CPU
		Release|Any CPU = Release|Any CPU
	EndGlobalSection
	GlobalSection(ProjectConfigurationPlatforms) = postSolution
		{30F3BF7A-F349-42AE-BFF1-197ECE473E7F}.Debug|Any CPU.ActiveCfg = Debug|Any CPU
		{30F3BF7A-F349-42AE-BFF1-197ECE473E7F}.Debug|Any CPU.Build.0 = Debug|Any CPU
		{30F3BF7A-F349-42AE-BFF1-197ECE473E7F}.Release|Any CPU.ActiveCfg = Release|Any CPU
		{30F3BF7A-F349-42AE-BFF1-197ECE473E7F}.Release|Any CPU.Build.0 = Release|Any CPU
		{4AFAA33B-7875-40A3-9EF3-E07D24065FCC}.Debug|Any CPU.ActiveCfg = Debug|Any CPU
		{4AFAA33B-7875-40A3-9EF3-E07D24065FCC}.Debug|Any CPU.Build.0 = Debug|Any CPU
		{4AFAA33B-7875-40A3-9EF3-E07D24065FCC}.Release|Any CPU.ActiveCfg = Release|Any CPU
		{4AFAA33B-7875-40A3-9EF3-E07D24065FCC}.Release|Any CPU.Build.0 = Release|Any CPU
		{B9647B4E-A854-4DE8-8A87-17703F3BA3DC}.Debug|Any CPU.ActiveCfg = Debug|Any CPU
		{B9647B4E-A854-4DE8-8A87-17703F3BA3DC}.Debug|Any CPU.Build.0 = Debug|Any CPU
		{B9647B4E-A854-4DE8-8A87-17703F3BA3DC}.Release|Any CPU.ActiveCfg = Release|Any CPU
		{B9647B4E-A854-4DE8-8A87-17703F3BA3DC}.Release|Any CPU.Build.0 = Release|Any CPU
	EndGlobalSection
	GlobalSection(SolutionProperties) = preSolution
		HideSolutionNode = FALSE
	EndGlobalSection
	GlobalSection(ExtensibilityGlobals) = postSolution
		SolutionGuid = {B6D9F918-F702-4609-B3E0-5F2B77ED9E3E}
	EndGlobalSection
EndGlobal
